// !$*UTF8*$!
{
	archiveVersion = 1;
	classes = {
	};
	objectVersion = 56;
	objects = {

/* Begin PBXBuildFile section */
		910ADF0D2C39988A008EA24F /* DemoUI in Frameworks */ = {isa = PBXBuildFile; productRef = 910ADF0C2C39988A008EA24F /* DemoUI */; };
		91B02BEA2C240A1B00E01224 /* DemoReducers in Frameworks */ = {isa = PBXBuildFile; productRef = 91B02BE92C240A1B00E01224 /* DemoReducers */; };
		91D02CB62BF37134004EE097 /* ComposableDemoApp.swift in Sources */ = {isa = PBXBuildFile; fileRef = 91D02CB52BF37134004EE097 /* ComposableDemoApp.swift */; };
		91D02CBA2BF37137004EE097 /* Assets.xcassets in Resources */ = {isa = PBXBuildFile; fileRef = 91D02CB92BF37137004EE097 /* Assets.xcassets */; };
		91D02CBD2BF37137004EE097 /* Preview Assets.xcassets in Resources */ = {isa = PBXBuildFile; fileRef = 91D02CBC2BF37137004EE097 /* Preview Assets.xcassets */; };
		91D02CE12BF3776F004EE097 /* ComposableArchitecture in Frameworks */ = {isa = PBXBuildFile; productRef = 91D02CE02BF3776F004EE097 /* ComposableArchitecture */; };
		91D431F42C1B2A190084FE0E /* DemoModels in Frameworks */ = {isa = PBXBuildFile; productRef = 91D431F32C1B2A190084FE0E /* DemoModels */; };
/* End PBXBuildFile section */

/* Begin PBXFileReference section */
		915633582C1B01AD00E77EAE /* DemoModels */ = {isa = PBXFileReference; lastKnownFileType = wrapper; path = DemoModels; sourceTree = "<group>"; };
		91AC1BD02C39942600EF24CB /* DemoUI */ = {isa = PBXFileReference; lastKnownFileType = wrapper; path = DemoUI; sourceTree = "<group>"; };
		91D02CB22BF37134004EE097 /* ComposableDemo.app */ = {isa = PBXFileReference; explicitFileType = wrapper.application; includeInIndex = 0; path = ComposableDemo.app; sourceTree = BUILT_PRODUCTS_DIR; };
		91D02CB52BF37134004EE097 /* ComposableDemoApp.swift */ = {isa = PBXFileReference; lastKnownFileType = sourcecode.swift; path = ComposableDemoApp.swift; sourceTree = "<group>"; };
		91D02CB92BF37137004EE097 /* Assets.xcassets */ = {isa = PBXFileReference; lastKnownFileType = folder.assetcatalog; path = Assets.xcassets; sourceTree = "<group>"; };
		91D02CBC2BF37137004EE097 /* Preview Assets.xcassets */ = {isa = PBXFileReference; lastKnownFileType = folder.assetcatalog; path = "Preview Assets.xcassets"; sourceTree = "<group>"; };
		91E0E7D02C3025D400C1FAEF /* DemoStorage */ = {isa = PBXFileReference; lastKnownFileType = wrapper; path = DemoStorage; sourceTree = "<group>"; };
		91E1D76E2C17502300E3D406 /* ComposableDemo.xctestplan */ = {isa = PBXFileReference; lastKnownFileType = text; path = ComposableDemo.xctestplan; sourceTree = "<group>"; };
		91FF6F652C22EF220091F0CF /* DemoReducers */ = {isa = PBXFileReference; lastKnownFileType = wrapper; path = DemoReducers; sourceTree = "<group>"; };
/* End PBXFileReference section */

/* Begin PBXFrameworksBuildPhase section */
		91D02CAF2BF37134004EE097 /* Frameworks */ = {
			isa = PBXFrameworksBuildPhase;
			buildActionMask = 2147483647;
			files = (
				91B02BEA2C240A1B00E01224 /* DemoReducers in Frameworks */,
				910ADF0D2C39988A008EA24F /* DemoUI in Frameworks */,
				91D02CE12BF3776F004EE097 /* ComposableArchitecture in Frameworks */,
				91D431F42C1B2A190084FE0E /* DemoModels in Frameworks */,
			);
			runOnlyForDeploymentPostprocessing = 0;
		};
/* End PBXFrameworksBuildPhase section */

/* Begin PBXGroup section */
		91D02CA92BF37134004EE097 = {
			isa = PBXGroup;
			children = (
				915633582C1B01AD00E77EAE /* DemoModels */,
				91E0E7D02C3025D400C1FAEF /* DemoStorage */,
				91FF6F652C22EF220091F0CF /* DemoReducers */,
				91AC1BD02C39942600EF24CB /* DemoUI */,
				91E1D76E2C17502300E3D406 /* ComposableDemo.xctestplan */,
				91D02CB42BF37134004EE097 /* ComposableDemo */,
				91D02CB32BF37134004EE097 /* Products */,
				91D431F22C1B2A190084FE0E /* Frameworks */,
			);
			sourceTree = "<group>";
		};
		91D02CB32BF37134004EE097 /* Products */ = {
			isa = PBXGroup;
			children = (
				91D02CB22BF37134004EE097 /* ComposableDemo.app */,
			);
			name = Products;
			sourceTree = "<group>";
		};
		91D02CB42BF37134004EE097 /* ComposableDemo */ = {
			isa = PBXGroup;
			children = (
				91D02CB52BF37134004EE097 /* ComposableDemoApp.swift */,
				91D02CB92BF37137004EE097 /* Assets.xcassets */,
				91D02CBB2BF37137004EE097 /* Preview Content */,
			);
			path = ComposableDemo;
			sourceTree = "<group>";
		};
		91D02CBB2BF37137004EE097 /* Preview Content */ = {
			isa = PBXGroup;
			children = (
				91D02CBC2BF37137004EE097 /* Preview Assets.xcassets */,
			);
			path = "Preview Content";
			sourceTree = "<group>";
		};
		91D431F22C1B2A190084FE0E /* Frameworks */ = {
			isa = PBXGroup;
			children = (
			);
			name = Frameworks;
			sourceTree = "<group>";
		};
/* End PBXGroup section */

/* Begin PBXNativeTarget section */
		91D02CB12BF37134004EE097 /* ComposableDemo */ = {
			isa = PBXNativeTarget;
			buildConfigurationList = 91D02CD62BF37138004EE097 /* Build configuration list for PBXNativeTarget "ComposableDemo" */;
			buildPhases = (
				91D02CAE2BF37134004EE097 /* Sources */,
				91D02CAF2BF37134004EE097 /* Frameworks */,
				91D02CB02BF37134004EE097 /* Resources */,
			);
			buildRules = (
			);
			dependencies = (
				91825F952C19D68800AF7F6D /* PBXTargetDependency */,
			);
			name = ComposableDemo;
			packageProductDependencies = (
				91D02CE02BF3776F004EE097 /* ComposableArchitecture */,
				91D431F32C1B2A190084FE0E /* DemoModels */,
				91B02BE92C240A1B00E01224 /* DemoReducers */,
				910ADF0C2C39988A008EA24F /* DemoUI */,
			);
			productName = ComposableDemo;
			productReference = 91D02CB22BF37134004EE097 /* ComposableDemo.app */;
			productType = "com.apple.product-type.application";
		};
/* End PBXNativeTarget section */

/* Begin PBXProject section */
		91D02CAA2BF37134004EE097 /* Project object */ = {
			isa = PBXProject;
			attributes = {
				BuildIndependentTargetsInParallel = 1;
				LastSwiftUpdateCheck = 1520;
				LastUpgradeCheck = 1520;
				TargetAttributes = {
					91D02CB12BF37134004EE097 = {
						CreatedOnToolsVersion = 15.2;
					};
				};
			};
			buildConfigurationList = 91D02CAD2BF37134004EE097 /* Build configuration list for PBXProject "ComposableDemo" */;
			compatibilityVersion = "Xcode 14.0";
			developmentRegion = en;
			hasScannedForEncodings = 0;
			knownRegions = (
				en,
				Base,
			);
			mainGroup = 91D02CA92BF37134004EE097;
			packageReferences = (
				91D02CDF2BF3776F004EE097 /* XCRemoteSwiftPackageReference "swift-composable-architecture" */,
				91825F932C19D30000AF7F6D /* XCRemoteSwiftPackageReference "SwiftLint" */,
			);
			productRefGroup = 91D02CB32BF37134004EE097 /* Products */;
			projectDirPath = "";
			projectRoot = "";
			targets = (
				91D02CB12BF37134004EE097 /* ComposableDemo */,
			);
		};
/* End PBXProject section */

/* Begin PBXResourcesBuildPhase section */
		91D02CB02BF37134004EE097 /* Resources */ = {
			isa = PBXResourcesBuildPhase;
			buildActionMask = 2147483647;
			files = (
				91D02CBD2BF37137004EE097 /* Preview Assets.xcassets in Resources */,
				91D02CBA2BF37137004EE097 /* Assets.xcassets in Resources */,
			);
			runOnlyForDeploymentPostprocessing = 0;
		};
/* End PBXResourcesBuildPhase section */

/* Begin PBXSourcesBuildPhase section */
		91D02CAE2BF37134004EE097 /* Sources */ = {
			isa = PBXSourcesBuildPhase;
			buildActionMask = 2147483647;
			files = (
				91D02CB62BF37134004EE097 /* ComposableDemoApp.swift in Sources */,
			);
			runOnlyForDeploymentPostprocessing = 0;
		};
/* End PBXSourcesBuildPhase section */

/* Begin PBXTargetDependency section */
		91825F952C19D68800AF7F6D /* PBXTargetDependency */ = {
			isa = PBXTargetDependency;
			productRef = 91825F942C19D68800AF7F6D /* SwiftLintBuildToolPlugin */;
		};
/* End PBXTargetDependency section */

/* Begin XCBuildConfiguration section */
		91D02CD42BF37138004EE097 /* Debug */ = {
			isa = XCBuildConfiguration;
			buildSettings = {
				ALWAYS_SEARCH_USER_PATHS = NO;
				ASSETCATALOG_COMPILER_GENERATE_SWIFT_ASSET_SYMBOL_EXTENSIONS = YES;
				CLANG_ANALYZER_NONNULL = YES;
				CLANG_ANALYZER_NUMBER_OBJECT_CONVERSION = YES_AGGRESSIVE;
				CLANG_CXX_LANGUAGE_STANDARD = "gnu++20";
				CLANG_ENABLE_MODULES = YES;
				CLANG_ENABLE_OBJC_ARC = YES;
				CLANG_ENABLE_OBJC_WEAK = YES;
				CLANG_WARN_BLOCK_CAPTURE_AUTORELEASING = YES;
				CLANG_WARN_BOOL_CONVERSION = YES;
				CLANG_WARN_COMMA = YES;
				CLANG_WARN_CONSTANT_CONVERSION = YES;
				CLANG_WARN_DEPRECATED_OBJC_IMPLEMENTATIONS = YES;
				CLANG_WARN_DIRECT_OBJC_ISA_USAGE = YES_ERROR;
				CLANG_WARN_DOCUMENTATION_COMMENTS = YES;
				CLANG_WARN_EMPTY_BODY = YES;
				CLANG_WARN_ENUM_CONVERSION = YES;
				CLANG_WARN_INFINITE_RECURSION = YES;
				CLANG_WARN_INT_CONVERSION = YES;
				CLANG_WARN_NON_LITERAL_NULL_CONVERSION = YES;
				CLANG_WARN_OBJC_IMPLICIT_RETAIN_SELF = YES;
				CLANG_WARN_OBJC_LITERAL_CONVERSION = YES;
				CLANG_WARN_OBJC_ROOT_CLASS = YES_ERROR;
				CLANG_WARN_QUOTED_INCLUDE_IN_FRAMEWORK_HEADER = YES;
				CLANG_WARN_RANGE_LOOP_ANALYSIS = YES;
				CLANG_WARN_STRICT_PROTOTYPES = YES;
				CLANG_WARN_SUSPICIOUS_MOVE = YES;
				CLANG_WARN_UNGUARDED_AVAILABILITY = YES_AGGRESSIVE;
				CLANG_WARN_UNREACHABLE_CODE = YES;
				CLANG_WARN__DUPLICATE_METHOD_MATCH = YES;
				COPY_PHASE_STRIP = NO;
				DEBUG_INFORMATION_FORMAT = dwarf;
				ENABLE_STRICT_OBJC_MSGSEND = YES;
				ENABLE_TESTABILITY = YES;
				ENABLE_USER_SCRIPT_SANDBOXING = YES;
				GCC_C_LANGUAGE_STANDARD = gnu17;
				GCC_DYNAMIC_NO_PIC = NO;
				GCC_NO_COMMON_BLOCKS = YES;
				GCC_OPTIMIZATION_LEVEL = 0;
				GCC_PREPROCESSOR_DEFINITIONS = (
					"DEBUG=1",
					"$(inherited)",
				);
				GCC_WARN_64_TO_32_BIT_CONVERSION = YES;
				GCC_WARN_ABOUT_RETURN_TYPE = YES_ERROR;
				GCC_WARN_UNDECLARED_SELECTOR = YES;
				GCC_WARN_UNINITIALIZED_AUTOS = YES_AGGRESSIVE;
				GCC_WARN_UNUSED_FUNCTION = YES;
				GCC_WARN_UNUSED_VARIABLE = YES;
				IPHONEOS_DEPLOYMENT_TARGET = 17.4;
				LOCALIZATION_PREFERS_STRING_CATALOGS = YES;
				MTL_ENABLE_DEBUG_INFO = INCLUDE_SOURCE;
				MTL_FAST_MATH = YES;
				ONLY_ACTIVE_ARCH = YES;
				SDKROOT = iphoneos;
				SWIFT_ACTIVE_COMPILATION_CONDITIONS = "DEBUG $(inherited)";
				SWIFT_OPTIMIZATION_LEVEL = "-Onone";
				SWIFT_STRICT_CONCURRENCY = complete;
			};
			name = Debug;
		};
		91D02CD52BF37138004EE097 /* Release */ = {
			isa = XCBuildConfiguration;
			buildSettings = {
				ALWAYS_SEARCH_USER_PATHS = NO;
				ASSETCATALOG_COMPILER_GENERATE_SWIFT_ASSET_SYMBOL_EXTENSIONS = YES;
				CLANG_ANALYZER_NONNULL = YES;
				CLANG_ANALYZER_NUMBER_OBJECT_CONVERSION = YES_AGGRESSIVE;
				CLANG_CXX_LANGUAGE_STANDARD = "gnu++20";
				CLANG_ENABLE_MODULES = YES;
				CLANG_ENABLE_OBJC_ARC = YES;
				CLANG_ENABLE_OBJC_WEAK = YES;
				CLANG_WARN_BLOCK_CAPTURE_AUTORELEASING = YES;
				CLANG_WARN_BOOL_CONVERSION = YES;
				CLANG_WARN_COMMA = YES;
				CLANG_WARN_CONSTANT_CONVERSION = YES;
				CLANG_WARN_DEPRECATED_OBJC_IMPLEMENTATIONS = YES;
				CLANG_WARN_DIRECT_OBJC_ISA_USAGE = YES_ERROR;
				CLANG_WARN_DOCUMENTATION_COMMENTS = YES;
				CLANG_WARN_EMPTY_BODY = YES;
				CLANG_WARN_ENUM_CONVERSION = YES;
				CLANG_WARN_INFINITE_RECURSION = YES;
				CLANG_WARN_INT_CONVERSION = YES;
				CLANG_WARN_NON_LITERAL_NULL_CONVERSION = YES;
				CLANG_WARN_OBJC_IMPLICIT_RETAIN_SELF = YES;
				CLANG_WARN_OBJC_LITERAL_CONVERSION = YES;
				CLANG_WARN_OBJC_ROOT_CLASS = YES_ERROR;
				CLANG_WARN_QUOTED_INCLUDE_IN_FRAMEWORK_HEADER = YES;
				CLANG_WARN_RANGE_LOOP_ANALYSIS = YES;
				CLANG_WARN_STRICT_PROTOTYPES = YES;
				CLANG_WARN_SUSPICIOUS_MOVE = YES;
				CLANG_WARN_UNGUARDED_AVAILABILITY = YES_AGGRESSIVE;
				CLANG_WARN_UNREACHABLE_CODE = YES;
				CLANG_WARN__DUPLICATE_METHOD_MATCH = YES;
				COPY_PHASE_STRIP = NO;
				DEBUG_INFORMATION_FORMAT = "dwarf-with-dsym";
				ENABLE_NS_ASSERTIONS = NO;
				ENABLE_STRICT_OBJC_MSGSEND = YES;
				ENABLE_USER_SCRIPT_SANDBOXING = YES;
				GCC_C_LANGUAGE_STANDARD = gnu17;
				GCC_NO_COMMON_BLOCKS = YES;
				GCC_WARN_64_TO_32_BIT_CONVERSION = YES;
				GCC_WARN_ABOUT_RETURN_TYPE = YES_ERROR;
				GCC_WARN_UNDECLARED_SELECTOR = YES;
				GCC_WARN_UNINITIALIZED_AUTOS = YES_AGGRESSIVE;
				GCC_WARN_UNUSED_FUNCTION = YES;
				GCC_WARN_UNUSED_VARIABLE = YES;
				IPHONEOS_DEPLOYMENT_TARGET = 17.4;
				LOCALIZATION_PREFERS_STRING_CATALOGS = YES;
				MTL_ENABLE_DEBUG_INFO = NO;
				MTL_FAST_MATH = YES;
				SDKROOT = iphoneos;
				SWIFT_COMPILATION_MODE = wholemodule;
				SWIFT_STRICT_CONCURRENCY = complete;
				VALIDATE_PRODUCT = YES;
			};
			name = Release;
		};
		91D02CD72BF37138004EE097 /* Debug */ = {
			isa = XCBuildConfiguration;
			buildSettings = {
				ASSETCATALOG_COMPILER_APPICON_NAME = AppIcon;
				ASSETCATALOG_COMPILER_GLOBAL_ACCENT_COLOR_NAME = AccentColor;
				CODE_SIGN_STYLE = Automatic;
				CURRENT_PROJECT_VERSION = 1;
				DEVELOPMENT_ASSET_PATHS = "\"ComposableDemo/Preview Content\"";
				DEVELOPMENT_TEAM = 6KGZ86RN37;
				ENABLE_PREVIEWS = YES;
				GENERATE_INFOPLIST_FILE = YES;
				INFOPLIST_KEY_UIApplicationSceneManifest_Generation = YES;
				INFOPLIST_KEY_UIApplicationSupportsIndirectInputEvents = YES;
				INFOPLIST_KEY_UILaunchScreen_Generation = YES;
				INFOPLIST_KEY_UISupportedInterfaceOrientations_iPad = "UIInterfaceOrientationPortrait UIInterfaceOrientationPortraitUpsideDown UIInterfaceOrientationLandscapeLeft UIInterfaceOrientationLandscapeRight";
				INFOPLIST_KEY_UISupportedInterfaceOrientations_iPhone = "UIInterfaceOrientationPortrait UIInterfaceOrientationLandscapeLeft UIInterfaceOrientationLandscapeRight";
				IPHONEOS_DEPLOYMENT_TARGET = 17.4;
				LD_RUNPATH_SEARCH_PATHS = (
					"$(inherited)",
					"@executable_path/Frameworks",
				);
				MARKETING_VERSION = 1.0;
				PRODUCT_BUNDLE_IDENTIFIER = adamlonda.ComposableDemo;
				PRODUCT_NAME = "$(TARGET_NAME)";
				SWIFT_EMIT_LOC_STRINGS = YES;
				SWIFT_VERSION = 5.0;
				TARGETED_DEVICE_FAMILY = "1,2";
			};
			name = Debug;
		};
		91D02CD82BF37138004EE097 /* Release */ = {
			isa = XCBuildConfiguration;
			buildSettings = {
				ASSETCATALOG_COMPILER_APPICON_NAME = AppIcon;
				ASSETCATALOG_COMPILER_GLOBAL_ACCENT_COLOR_NAME = AccentColor;
				CODE_SIGN_STYLE = Automatic;
				CURRENT_PROJECT_VERSION = 1;
				DEVELOPMENT_ASSET_PATHS = "\"ComposableDemo/Preview Content\"";
				DEVELOPMENT_TEAM = 6KGZ86RN37;
				ENABLE_PREVIEWS = YES;
				GENERATE_INFOPLIST_FILE = YES;
				INFOPLIST_KEY_UIApplicationSceneManifest_Generation = YES;
				INFOPLIST_KEY_UIApplicationSupportsIndirectInputEvents = YES;
				INFOPLIST_KEY_UILaunchScreen_Generation = YES;
				INFOPLIST_KEY_UISupportedInterfaceOrientations_iPad = "UIInterfaceOrientationPortrait UIInterfaceOrientationPortraitUpsideDown UIInterfaceOrientationLandscapeLeft UIInterfaceOrientationLandscapeRight";
				INFOPLIST_KEY_UISupportedInterfaceOrientations_iPhone = "UIInterfaceOrientationPortrait UIInterfaceOrientationLandscapeLeft UIInterfaceOrientationLandscapeRight";
				IPHONEOS_DEPLOYMENT_TARGET = 17.4;
				LD_RUNPATH_SEARCH_PATHS = (
					"$(inherited)",
					"@executable_path/Frameworks",
				);
				MARKETING_VERSION = 1.0;
				PRODUCT_BUNDLE_IDENTIFIER = adamlonda.ComposableDemo;
				PRODUCT_NAME = "$(TARGET_NAME)";
				SWIFT_EMIT_LOC_STRINGS = YES;
				SWIFT_VERSION = 5.0;
				TARGETED_DEVICE_FAMILY = "1,2";
			};
			name = Release;
		};
/* End XCBuildConfiguration section */

/* Begin XCConfigurationList section */
		91D02CAD2BF37134004EE097 /* Build configuration list for PBXProject "ComposableDemo" */ = {
			isa = XCConfigurationList;
			buildConfigurations = (
				91D02CD42BF37138004EE097 /* Debug */,
				91D02CD52BF37138004EE097 /* Release */,
			);
			defaultConfigurationIsVisible = 0;
			defaultConfigurationName = Release;
		};
		91D02CD62BF37138004EE097 /* Build configuration list for PBXNativeTarget "ComposableDemo" */ = {
			isa = XCConfigurationList;
			buildConfigurations = (
				91D02CD72BF37138004EE097 /* Debug */,
				91D02CD82BF37138004EE097 /* Release */,
			);
			defaultConfigurationIsVisible = 0;
			defaultConfigurationName = Release;
		};
/* End XCConfigurationList section */

/* Begin XCRemoteSwiftPackageReference section */
		91825F932C19D30000AF7F6D /* XCRemoteSwiftPackageReference "SwiftLint" */ = {
			isa = XCRemoteSwiftPackageReference;
			repositoryURL = "https://github.com/realm/SwiftLint";
			requirement = {
				kind = upToNextMajorVersion;
				minimumVersion = 0.55.1;
			};
		};
		91D02CDF2BF3776F004EE097 /* XCRemoteSwiftPackageReference "swift-composable-architecture" */ = {
			isa = XCRemoteSwiftPackageReference;
			repositoryURL = "https://github.com/pointfreeco/swift-composable-architecture";
			requirement = {
				kind = upToNextMajorVersion;
				minimumVersion = 1.10.4;
			};
		};
/* End XCRemoteSwiftPackageReference section */

/* Begin XCSwiftPackageProductDependency section */
		910ADF0C2C39988A008EA24F /* DemoUI */ = {
			isa = XCSwiftPackageProductDependency;
			productName = DemoUI;
		};
		91825F942C19D68800AF7F6D /* SwiftLintBuildToolPlugin */ = {
			isa = XCSwiftPackageProductDependency;
			package = 91825F932C19D30000AF7F6D /* XCRemoteSwiftPackageReference "SwiftLint" */;
			productName = "plugin:SwiftLintBuildToolPlugin";
		};
		91B02BE92C240A1B00E01224 /* DemoReducers */ = {
			isa = XCSwiftPackageProductDependency;
			productName = DemoReducers;
		};
		91D02CE02BF3776F004EE097 /* ComposableArchitecture */ = {
			isa = XCSwiftPackageProductDependency;
			package = 91D02CDF2BF3776F004EE097 /* XCRemoteSwiftPackageReference "swift-composable-architecture" */;
			productName = ComposableArchitecture;
		};
		91D431F32C1B2A190084FE0E /* DemoModels */ = {
			isa = XCSwiftPackageProductDependency;
			productName = DemoModels;
		};
/* End XCSwiftPackageProductDependency section */
	};
	rootObject = 91D02CAA2BF37134004EE097 /* Project object */;
}
